
Microsoft Visual Studio Solution File, Format Version 12.00
# Visual Studio Version 17
VisualStudioVersion = 17.11.35208.52
MinimumVisualStudioVersion = 10.0.40219.1
Project("{FAE04EC0-301F-11D3-BF4B-00C04F79EFBC}") = "pruebas", "pruebas\pruebas.csproj", "{7476045B-D96D-4A3F-8F6A-EABEB9CFEC3E}"
EndProject
Global
	GlobalSection(SolutionConfigurationPlatforms) = preSolution
		Debug|Any CPU = Debug|Any CPU
		Release|Any CPU = Release|Any CPU
	EndGlobalSection
	GlobalSection(ProjectConfigurationPlatforms) = postSolution
		{7476045B-D96D-4A3F-8F6A-EABEB9CFEC3E}.Debug|Any CPU.ActiveCfg = Debug|Any CPU
		{7476045B-D96D-4A3F-8F6A-EABEB9CFEC3E}.Debug|Any CPU.Build.0 = Debug|Any CPU
		{7476045B-D96D-4A3F-8F6A-EABEB9CFEC3E}.Release|Any CPU.ActiveCfg = Release|Any CPU
		{7476045B-D96D-4A3F-8F6A-EABEB9CFEC3E}.Release|Any CPU.Build.0 = Release|Any CPU
	EndGlobalSection
	GlobalSection(SolutionProperties) = preSolution
		HideSolutionNode = FALSE
	EndGlobalSection
	GlobalSection(ExtensibilityGlobals) = postSolution
		SolutionGuid = {7A9F3A8A-0CCB-4E62-90B8-8AE829219FEB}
	EndGlobalSection
EndGlobal
